{
  "version": "2",
  "remote": {
    "https://cdn.skypack.dev/-/debug@v4.3.4-o4liVvMlOnQWbLSYZMXw/dist=es2019,mode=imports/optimized/debug.js": "671100993996e39b501301a87000607916d4d2d9f8fc8e9c5200ae5ba64a1389",
    "https://cdn.skypack.dev/-/ms@v2.1.2-giBDZ1IA5lmQ3ZXaa87V/dist=es2019,mode=imports/optimized/ms.js": "fd88e2d51900437011f1ad232f3393ce97db1b87a7844b3c58dd6d65562c1276",
    "https://cdn.skypack.dev/debug@4.3.4": "7b1d010cc930f71b940ba5941da055bc181115229e29de7214bdb4425c68ea76",
    "https://deno.land/std@0.153.0/_util/assert.ts": "e94f2eb37cebd7f199952e242c77654e43333c1ac4c5c700e929ea3aa5489f74",
    "https://deno.land/std@0.153.0/_util/os.ts": "3b4c6e27febd119d36a416d7a97bd3b0251b77c88942c8f16ee5953ea13e2e49",
    "https://deno.land/std@0.153.0/async/deferred.ts": "c01de44b9192359cebd3fe93273fcebf9e95110bf3360023917da9a2d1489fae",
    "https://deno.land/std@0.153.0/bytes/bytes_list.ts": "aba5e2369e77d426b10af1de0dcc4531acecec27f9b9056f4f7bfbf8ac147ab4",
    "https://deno.land/std@0.153.0/bytes/equals.ts": "3c3558c3ae85526f84510aa2b48ab2ad7bdd899e2e0f5b7a8ffc85acb3a6043a",
    "https://deno.land/std@0.153.0/bytes/mod.ts": "763f97d33051cc3f28af1a688dfe2830841192a9fea0cbaa55f927b49d49d0bf",
    "https://deno.land/std@0.153.0/io/buffer.ts": "8232dcd8c4c7f14b95f28444454ad63750267be23e0fd7f88320c68b0f87a3b5",
    "https://deno.land/std@0.153.0/io/types.d.ts": "0cae3a62da7a37043661746c65c021058bae020b54e50c0e774916e5d4baee43",
    "https://deno.land/std@0.153.0/path/_constants.ts": "df1db3ffa6dd6d1252cc9617e5d72165cd2483df90e93833e13580687b6083c3",
    "https://deno.land/std@0.153.0/path/_interface.ts": "ee3b431a336b80cf445441109d089b70d87d5e248f4f90ff906820889ecf8d09",
    "https://deno.land/std@0.153.0/path/_util.ts": "d16be2a16e1204b65f9d0dfc54a9bc472cafe5f4a190b3c8471ec2016ccd1677",
    "https://deno.land/std@0.153.0/path/common.ts": "bee563630abd2d97f99d83c96c2fa0cca7cee103e8cb4e7699ec4d5db7bd2633",
    "https://deno.land/std@0.153.0/path/glob.ts": "cb5255638de1048973c3e69e420c77dc04f75755524cb3b2e160fe9277d939ee",
    "https://deno.land/std@0.153.0/path/mod.ts": "56fec03ad0ebd61b6ab39ddb9b0ddb4c4a5c9f2f4f632e09dd37ec9ebfd722ac",
    "https://deno.land/std@0.153.0/path/posix.ts": "c1f7afe274290ea0b51da07ee205653b2964bd74909a82deb07b69a6cc383aaa",
    "https://deno.land/std@0.153.0/path/separator.ts": "fe1816cb765a8068afb3e8f13ad272351c85cbc739af56dacfc7d93d710fe0f9",
    "https://deno.land/std@0.153.0/path/win32.ts": "bd7549042e37879c68ff2f8576a25950abbfca1d696d41d82c7bca0b7e6f452c",
    "https://deno.land/std@0.153.0/streams/buffer.ts": "c9aef91ccb7d23555b1d942d39eeca2546879ddfa19de450e9765d9e7069dce1",
    "https://deno.land/std@0.153.0/streams/conversion.ts": "fc4eb76a14148c43f0b85e903a5a1526391aa40ed9434dc21e34f88304eb823e",
    "https://deno.land/std@0.153.0/streams/delimiter.ts": "4c568cdbdc71a8563f8e3b032ec0bbd52992fc4a1cf257baa00cf6b4f7034bd4",
    "https://deno.land/std@0.153.0/streams/merge.ts": "88ed3dfa030ae076802688e4cadd762a251a41d81ed1776dfd9a2a9a0e970195",
    "https://deno.land/std@0.153.0/streams/mod.ts": "f402791689d74bd091ecf8f4015bc5b7d5c18132a55c7c72fe0576d1fb254cf9",
    "https://deno.land/std@0.159.0/async/abortable.ts": "87aa7230be8360c24ad437212311c9e8d4328854baec27b4c7abb26e85515c06",
    "https://deno.land/std@0.159.0/async/deadline.ts": "48ac998d7564969f3e6ec6b6f9bf0217ebd00239b1b2292feba61272d5dd58d0",
    "https://deno.land/std@0.159.0/async/debounce.ts": "de5433bff08a2bb61416fc53b3bd2d5867090c8a815465e5b4a10a77495b1051",
    "https://deno.land/std@0.159.0/async/deferred.ts": "c01de44b9192359cebd3fe93273fcebf9e95110bf3360023917da9a2d1489fae",
    "https://deno.land/std@0.159.0/async/delay.ts": "0419dfc993752849692d1f9647edf13407c7facc3509b099381be99ffbc9d699",
    "https://deno.land/std@0.159.0/async/mod.ts": "dd0a8ed4f3984ffabe2fcca7c9f466b7932d57b1864ffee148a5d5388316db6b",
    "https://deno.land/std@0.159.0/async/mux_async_iterator.ts": "3447b28a2a582224a3d4d3596bccbba6e85040da3b97ed64012f7decce98d093",
    "https://deno.land/std@0.159.0/async/pool.ts": "ef9eb97b388543acbf0ac32647121e4dbe629236899586c4d4311a8770fbb239",
    "https://deno.land/std@0.159.0/async/tee.ts": "d27680d911816fcb3d231e16d690e7588079e66a9b2e5ce8cc354db94fdce95f",
    "https://deno.land/std@0.159.0/http/server.ts": "e99c1bee8a3f6571ee4cdeb2966efad465b8f6fe62bec1bdb59c1f007cc4d155",
    "https://deno.land/x/dotenv@v3.2.0/load.ts": "cbd76a0aee01aad8d09222afaa1dd04b84d9d3e44637503b01bf77a91df9e041",
    "https://deno.land/x/dotenv@v3.2.0/mod.ts": "077b48773de9205266a0b44c3c3a3c3083449ed64bb0b6cc461b95720678d38e",
    "https://deno.land/x/dotenv@v3.2.0/util.ts": "693730877b13f8ead2b79b2aa31e2a0652862f7dc0c5f6d2f313f4d39c7b7670",
    "https://deno.land/x/grammy@v1.11.2/bot.ts": "6e4ceacfa6febe7262bb3792f2889189e859d79f9e5835f2297f703ed230ebc9",
    "https://deno.land/x/grammy@v1.11.2/composer.ts": "1d2e164f9934466553d7f9bf9bf2fe65a1f453b7f7ce3cf57066d87382c6dac2",
    "https://deno.land/x/grammy@v1.11.2/context.ts": "7ee009503d59becd5f9bf876c0bb2bd2d5700167b8cef53153c9ce6d758a4192",
    "https://deno.land/x/grammy@v1.11.2/convenience/frameworks.deno.ts": "dfa1c824ce3c06447cc0d714210db77e87502fb45879662c36a721a603109b9f",
    "https://deno.land/x/grammy@v1.11.2/convenience/frameworks.shared.ts": "b59c24178da1fd0a126dca331dae4a04dfaed1d5604485cb9ca14a36bf0fa106",
    "https://deno.land/x/grammy@v1.11.2/convenience/keyboard.ts": "e3535432bcc35b00f991e08f8707a6ad330f9c851fd189832d163c0c39862171",
    "https://deno.land/x/grammy@v1.11.2/convenience/session.ts": "07fc0c64650d87cfe20de95c3261b9edf3ff46c65a7b86d98c3e0ce001220722",
    "https://deno.land/x/grammy@v1.11.2/convenience/webhook.ts": "805aa953f4626aff7b84fde156dff2ea3cc166d674f2d844a8ab2adad1a03589",
    "https://deno.land/x/grammy@v1.11.2/core/api.ts": "38900a5ba51d8b091b78d14b076e2124268e109aac3cf84f6f097485deb19d0d",
    "https://deno.land/x/grammy@v1.11.2/core/client.ts": "8914f13b2cb69f16104a9711e4fea0a4500edd0950736dcc3ac078ab46f7a5ab",
    "https://deno.land/x/grammy@v1.11.2/core/error.ts": "4638b2127ebe60249c78b83011d468f5e1e1a87748d32fe11a8200d9f824ad13",
    "https://deno.land/x/grammy@v1.11.2/core/payload.ts": "bed2e44fb567259ee2cab70a7734544c90fae80cb937b354ee1427d0f0883b39",
    "https://deno.land/x/grammy@v1.11.2/filter.ts": "75a175dba125a6bfd9dd4b627007d46dd3b50a4f2ba52a5f5e93ea38d86edc05",
    "https://deno.land/x/grammy@v1.11.2/mod.ts": "6d96b0c7b4c8b9448b9f9903a95a78c3379febd36b0f6485ad567d79b153c794",
    "https://deno.land/x/grammy@v1.11.2/platform.deno.ts": "f9bc3139c122d4b3ae5be494e76406042e8fb215274ff0d0e5366b7d12002401",
    "https://deno.land/x/grammy@v1.11.2/types.deno.ts": "d83e6791e555899c33e33e78af83e92c098e54890044499790ae50c0cb73ac6c",
    "https://deno.land/x/grammy@v1.11.2/types.ts": "729415590dfa188dbe924dea614dff4e976babdbabb28a307b869fc25777cdf0",
    "https://deno.land/x/grammy_conversations@v1.0.3/conversation.ts": "fb777d7c7e2a61f982e004b1626010a0d779d3bc3238d6325d5bf839b977156d",
    "https://deno.land/x/grammy_conversations@v1.0.3/deps.deno.ts": "077846d39265e0ede523a0a5feb67081280c7dd2bfee0d8175f519906ad32c87",
    "https://deno.land/x/grammy_conversations@v1.0.3/form.ts": "07602259cff3822e1c58181cc793c5407cdbacb0f5df2e30eb3648dbd2dded6e",
    "https://deno.land/x/grammy_conversations@v1.0.3/mod.ts": "4234b7a353ebb6770352c8b1fcafb0de40abd764cc44ae018f10b29c3a065b50",
    "https://deno.land/x/grammy_conversations@v1.0.3/utils.ts": "2047d85e87b67a407cb791cbd0f7d6ab1f074475a039e7dbe25592748b10038e",
    "https://deno.land/x/grammy_menu@v1.1.2/deps.deno.ts": "496e8f8fe1eb050e5531026cf5c6d7a7df559676a1db41f9c9e367cea9987fa9",
    "https://deno.land/x/grammy_menu@v1.1.2/menu.ts": "490d69a2c7d08fb5d712e06f641fc667f126ea5c065be07637cc237b60b8a218",
    "https://deno.land/x/grammy_menu@v1.1.2/mod.ts": "ec3d890cabdb7ee1ea72f5fcd1b0b05a84c208975c34251e8a0e9a595e40713b",
    "https://deno.land/x/nanoid@v3.0.0/customAlphabet.ts": "1cfd7cfd2f07ca8d78a7e7855fcc9f59abf01ef2a127484ef94328fadf940ead",
    "https://deno.land/x/nanoid@v3.0.0/customRandom.ts": "af56e19038c891a4b4ef2be931554c27579bd407ee5bbea5cb64f6ee1347cbe3",
    "https://deno.land/x/nanoid@v3.0.0/mod.ts": "3ead610e40c58d8fdca21d5da9ec661445a2b82526e19c34d05de5f90be8a1be",
    "https://deno.land/x/nanoid@v3.0.0/nanoid.ts": "8d119bc89a0f34e7bbe0c2dbdc280d01753e431af553d189663492310a31085d",
    "https://deno.land/x/nanoid@v3.0.0/random.ts": "4da71d5f72f2bfcc6a4ee79b5d4e72f48dcf4fe4c3835fd5ebab08b9f33cd598",
    "https://deno.land/x/nanoid@v3.0.0/urlAlphabet.ts": "8b1511deb1ecb23c66202b6000dc10fb68f9a96b5550c6c8cef5009324793431",
    "https://deno.land/x/zod@v3.19.1/ZodError.ts": "bd013373ed0cb47621d18df2abb8709a231166806821d76a84d31cad7068379e",
    "https://deno.land/x/zod@v3.19.1/errors.ts": "5285922d2be9700cc0c70c95e4858952b07ae193aa0224be3cbd5cd5567eabef",
    "https://deno.land/x/zod@v3.19.1/external.ts": "584f70718e55ae2660d18a552f9c3a5d022f8153aa43e6537f2c2738d6808d42",
    "https://deno.land/x/zod@v3.19.1/helpers/enumUtil.ts": "54efc393cc9860e687d8b81ff52e980def00fa67377ad0bf8b3104f8a5bf698c",
    "https://deno.land/x/zod@v3.19.1/helpers/errorUtil.ts": "7a77328240be7b847af6de9189963bd9f79cab32bbc61502a9db4fe6683e2ea7",
    "https://deno.land/x/zod@v3.19.1/helpers/parseUtil.ts": "920a5623929a4be9110412f82d16ccda537a58e153c942a6d6b8a38329f293a1",
    "https://deno.land/x/zod@v3.19.1/helpers/partialUtil.ts": "8dc921a02b47384cf52217c7e539268daf619f89319b75bdf13ea178815725df",
    "https://deno.land/x/zod@v3.19.1/helpers/typeAliases.ts": "a1a8d039eb98925f242f5ea1e21e6d3cabd7f05e9747680165c914695c979b4f",
    "https://deno.land/x/zod@v3.19.1/helpers/util.ts": "27765b9fbf843da59fcc16dccd6478976051b483769ec8e8376ac051bbac4a02",
    "https://deno.land/x/zod@v3.19.1/index.ts": "035a7422d9f2be54daa0fe464254b69225b443000673e4794095d672471e8792",
    "https://deno.land/x/zod@v3.19.1/locales/en.ts": "152ea350b7df6ce14f2806fc8c0972f56c9b2de6a3dd1129795287f50dee4374",
    "https://deno.land/x/zod@v3.19.1/mod.ts": "64e55237cb4410e17d968cd08975566059f27638ebb0b86048031b987ba251c4",
    "https://deno.land/x/zod@v3.19.1/types.ts": "ab062fe1640d2172f49ca593fb325a22f8927145201f29b02b62353c79db2501",
    "https://esm.sh/@grammyjs/types@2.9.1": "fbc8342111a4319c56f1fa23562b7ca1683954ee5e9b9287fa10bec337c9f48b",
    "https://esm.sh/toposort@2.0.2": "33d380db8b56aa6934ef1d1e1edb160ca8d708f220e6593403f441f83f58655a",
    "https://esm.sh/v96/@grammyjs/types@2.9.1/api.d.ts": "efc90a31eb6f59ae5e7a4cf5838f46529e2fa6fa7e97a51a82dbd28afad21592",
    "https://esm.sh/v96/@grammyjs/types@2.9.1/deno/types.js": "b0209bb74836a8e8c5ed43a9ad6268d2da27e96ebe527f68470801e25637fbbe",
    "https://esm.sh/v96/@grammyjs/types@2.9.1/index.d.ts": "1c60004dec6270d9badd5ed195dbd6d4ddd00fa701acfeea922ed9f4861576a4",
    "https://esm.sh/v96/@grammyjs/types@2.9.1/inline.d.ts": "573b2790679c5c0910847a60064ae85c6f6007bfa139e3f611dd917f9c54399b",
    "https://esm.sh/v96/@grammyjs/types@2.9.1/manage.d.ts": "495fcc3a6268b61b2fffaa81f190e2a84ccc1135f98bc912335e6caea0771592",
    "https://esm.sh/v96/@grammyjs/types@2.9.1/markup.d.ts": "a70b21cd9e7a6708c0f3697b067e0b97cec864a960883e0c3e9dd16c18ee0d5e",
    "https://esm.sh/v96/@grammyjs/types@2.9.1/menu-button.d.ts": "096e03dadaf3af415c48c14cb91380769df01dcccbb0931575bf5f15a5df5cd7",
    "https://esm.sh/v96/@grammyjs/types@2.9.1/message.d.ts": "0976aa4c904750be0f2c7aa157f1749f821158f68f32bd17d8c5c158a1f7250d",
    "https://esm.sh/v96/@grammyjs/types@2.9.1/passport.d.ts": "e3fb63aec96510bcc317ef48fd25b435444b8f407502d7568c00fce15f2958fd",
    "https://esm.sh/v96/@grammyjs/types@2.9.1/payment.d.ts": "410c384a26d24252219713adeb0c360d5d038102ab9d1a6e9aad20b603830d0c",
    "https://esm.sh/v96/@grammyjs/types@2.9.1/proxied.d.ts": "6e3d830b3ed508d7682e72cb1cee5e941e698531894dbd69194666d7398feb45",
    "https://esm.sh/v96/@grammyjs/types@2.9.1/update.d.ts": "caf8e01cc0857bde5a787243bc307d3e621f86242dd4058f5e20b156f61c083d",
    "https://esm.sh/v98/@types/toposort@2.0.3/index~.d.ts": "1d84555c17c5f9130c232f700e0776f2c5ade64f84baf35fc67b2968b49f5a1a",
    "https://esm.sh/v98/toposort@2.0.2/deno/toposort.js": "10d42512a0f719c6a9be9c379220e0fec6d05675d3edfb383e9504f662718e67"
  }
}
