{
  "version": "3",
  "redirects": {
    "https://esm.sh/@grammyjs/types@v2": "https://esm.sh/@grammyjs/types@2.0.0",
    "https://lib.deno.dev/x/grammy@1.x/mod.ts": "https://deno.land/x/grammy@v1.23.0/mod.ts",
    "https://lib.deno.dev/x/grammy@v1/mod.ts": "https://deno.land/x/grammy@v1.23.0/mod.ts",
    "https://lib.deno.dev/x/grammy@v1/types.ts": "https://deno.land/x/grammy@v1.23.0/types.ts"
  },
  "remote": {},
  "workspace": {
    "packageJson": {
      "dependencies": [
        "npm:@prisma/client@^5.14.0",
        "npm:dotenv-cli@^7.4.2",
        "npm:prisma@^5.14.0"
      ]
    }
  }
}
